
Microsoft Visual Studio Solution File, Format Version 12.00
# Visual Studio 15
VisualStudioVersion = 15.0.27109.1
MinimumVisualStudioVersion = 10.0.40219.1
Project("{FAE04EC0-301F-11D3-BF4B-00C04F79EFBC}") = "WpfUIWithBackgroundTask", "WpfUIWithBackgroundTask\WpfUIWithBackgroundTask.csproj", "{12C0481B-B005-4F20-8628-6844B1141D01}"
EndProject
Project("{C7167F0D-BC9F-4E6E-AFE1-012C56B48DB5}") = "WPFUIWithBackgroundTask.Package", "WPFUIWithBackgroundTask.Package\WPFUIWithBackgroundTask.Package.wapproj", "{FBCAD757-C88A-4D94-B9CA-E90356712B6A}"
EndProject
Project("{FAE04EC0-301F-11D3-BF4B-00C04F79EFBC}") = "HttpPing", "HttpPing\HttpPing.csproj", "{CCC6785A-0A17-407C-B211-9CBDBAD6E525}"
EndProject
Project("{FAE04EC0-301F-11D3-BF4B-00C04F79EFBC}") = "UWPHead", "UWPHead\UWPHead.csproj", "{7BFAB136-9A22-4A91-BEB9-EED044F1A59D}"
EndProject
Global
	GlobalSection(SolutionConfigurationPlatforms) = preSolution
		Debug|x64 = Debug|x64
		Debug|x86 = Debug|x86
		Release|x64 = Release|x64
		Release|x86 = Release|x86
	EndGlobalSection
	GlobalSection(ProjectConfigurationPlatforms) = postSolution
		{12C0481B-B005-4F20-8628-6844B1141D01}.Debug|x64.ActiveCfg = Debug|Any CPU
		{12C0481B-B005-4F20-8628-6844B1141D01}.Debug|x64.Build.0 = Debug|Any CPU
		{12C0481B-B005-4F20-8628-6844B1141D01}.Debug|x86.ActiveCfg = Debug|Any CPU
		{12C0481B-B005-4F20-8628-6844B1141D01}.Debug|x86.Build.0 = Debug|Any CPU
		{12C0481B-B005-4F20-8628-6844B1141D01}.Release|x64.ActiveCfg = Release|Any CPU
		{12C0481B-B005-4F20-8628-6844B1141D01}.Release|x64.Build.0 = Release|Any CPU
		{12C0481B-B005-4F20-8628-6844B1141D01}.Release|x86.ActiveCfg = Release|Any CPU
		{12C0481B-B005-4F20-8628-6844B1141D01}.Release|x86.Build.0 = Release|Any CPU
		{FBCAD757-C88A-4D94-B9CA-E90356712B6A}.Debug|x64.ActiveCfg = Debug|x64
		{FBCAD757-C88A-4D94-B9CA-E90356712B6A}.Debug|x64.Build.0 = Debug|x64
		{FBCAD757-C88A-4D94-B9CA-E90356712B6A}.Debug|x64.Deploy.0 = Debug|x64
		{FBCAD757-C88A-4D94-B9CA-E90356712B6A}.Debug|x86.ActiveCfg = Debug|x86
		{FBCAD757-C88A-4D94-B9CA-E90356712B6A}.Debug|x86.Build.0 = Debug|x86
		{FBCAD757-C88A-4D94-B9CA-E90356712B6A}.Debug|x86.Deploy.0 = Debug|x86
		{FBCAD757-C88A-4D94-B9CA-E90356712B6A}.Release|x64.ActiveCfg = Release|x64
		{FBCAD757-C88A-4D94-B9CA-E90356712B6A}.Release|x64.Build.0 = Release|x64
		{FBCAD757-C88A-4D94-B9CA-E90356712B6A}.Release|x64.Deploy.0 = Release|x64
		{FBCAD757-C88A-4D94-B9CA-E90356712B6A}.Release|x86.ActiveCfg = Release|x86
		{FBCAD757-C88A-4D94-B9CA-E90356712B6A}.Release|x86.Build.0 = Release|x86
		{FBCAD757-C88A-4D94-B9CA-E90356712B6A}.Release|x86.Deploy.0 = Release|x86
		{CCC6785A-0A17-407C-B211-9CBDBAD6E525}.Debug|x64.ActiveCfg = Debug|x64
		{CCC6785A-0A17-407C-B211-9CBDBAD6E525}.Debug|x64.Build.0 = Debug|x64
		{CCC6785A-0A17-407C-B211-9CBDBAD6E525}.Debug|x86.ActiveCfg = Debug|x86
		{CCC6785A-0A17-407C-B211-9CBDBAD6E525}.Debug|x86.Build.0 = Debug|x86
		{CCC6785A-0A17-407C-B211-9CBDBAD6E525}.Release|x64.ActiveCfg = Release|x64
		{CCC6785A-0A17-407C-B211-9CBDBAD6E525}.Release|x64.Build.0 = Release|x64
		{CCC6785A-0A17-407C-B211-9CBDBAD6E525}.Release|x86.ActiveCfg = Release|x86
		{CCC6785A-0A17-407C-B211-9CBDBAD6E525}.Release|x86.Build.0 = Release|x86
		{7BFAB136-9A22-4A91-BEB9-EED044F1A59D}.Debug|x64.ActiveCfg = Debug|x64
		{7BFAB136-9A22-4A91-BEB9-EED044F1A59D}.Debug|x64.Build.0 = Debug|x64
		{7BFAB136-9A22-4A91-BEB9-EED044F1A59D}.Debug|x86.ActiveCfg = Debug|x86
		{7BFAB136-9A22-4A91-BEB9-EED044F1A59D}.Debug|x86.Build.0 = Debug|x86
		{7BFAB136-9A22-4A91-BEB9-EED044F1A59D}.Release|x64.ActiveCfg = Release|x64
		{7BFAB136-9A22-4A91-BEB9-EED044F1A59D}.Release|x64.Build.0 = Release|x64
		{7BFAB136-9A22-4A91-BEB9-EED044F1A59D}.Release|x64.Deploy.0 = Release|x64
		{7BFAB136-9A22-4A91-BEB9-EED044F1A59D}.Release|x86.ActiveCfg = Release|x86
		{7BFAB136-9A22-4A91-BEB9-EED044F1A59D}.Release|x86.Build.0 = Release|x86
		{7BFAB136-9A22-4A91-BEB9-EED044F1A59D}.Release|x86.Deploy.0 = Release|x86
	EndGlobalSection
	GlobalSection(SolutionProperties) = preSolution
		HideSolutionNode = FALSE
	EndGlobalSection
	GlobalSection(ExtensibilityGlobals) = postSolution
		SolutionGuid = {57FB3F38-394D-4F77-AC7E-CEA375A403C0}
	EndGlobalSection
EndGlobal
